
Microsoft Visual Studio Solution File, Format Version 12.00
# Visual Studio Version 17
VisualStudioVersion = 17.6.33815.320
MinimumVisualStudioVersion = 10.0.40219.1
Project("{9A19103F-16F7-4668-BE54-9A1E7A4F7556}") = "SportsBetter.Tests", "SportsBetter.Tests\SportsBetter.Tests.csproj", "{AA5141FD-CF88-4F4E-ABD7-C01BCF446173}"
EndProject
Project("{FAE04EC0-301F-11D3-BF4B-00C04F79EFBC}") = "SportsBetter.App", "SportsBetter.App\SportsBetter.App.csproj", "{DF43E8B4-6AD8-428C-9D67-A50EBA65EC8E}"
EndProject
Project("{FAE04EC0-301F-11D3-BF4B-00C04F79EFBC}") = "SportsBetter.Library", "SportsBetter.Library\SportsBetter.Library.csproj", "{E67F2A95-3947-4FF9-A6F2-9067F3F6FCB9}"
EndProject
Global
	GlobalSection(SolutionConfigurationPlatforms) = preSolution
		Debug|Any CPU = Debug|Any CPU
		Release|Any CPU = Release|Any CPU
	EndGlobalSection
	GlobalSection(ProjectConfigurationPlatforms) = postSolution
		{AA5141FD-CF88-4F4E-ABD7-C01BCF446173}.Debug|Any CPU.ActiveCfg = Debug|Any CPU
		{AA5141FD-CF88-4F4E-ABD7-C01BCF446173}.Debug|Any CPU.Build.0 = Debug|Any CPU
		{AA5141FD-CF88-4F4E-ABD7-C01BCF446173}.Release|Any CPU.ActiveCfg = Release|Any CPU
		{AA5141FD-CF88-4F4E-ABD7-C01BCF446173}.Release|Any CPU.Build.0 = Release|Any CPU
		{DF43E8B4-6AD8-428C-9D67-A50EBA65EC8E}.Debug|Any CPU.ActiveCfg = Debug|Any CPU
		{DF43E8B4-6AD8-428C-9D67-A50EBA65EC8E}.Debug|Any CPU.Build.0 = Debug|Any CPU
		{DF43E8B4-6AD8-428C-9D67-A50EBA65EC8E}.Release|Any CPU.ActiveCfg = Release|Any CPU
		{DF43E8B4-6AD8-428C-9D67-A50EBA65EC8E}.Release|Any CPU.Build.0 = Release|Any CPU
		{E67F2A95-3947-4FF9-A6F2-9067F3F6FCB9}.Debug|Any CPU.ActiveCfg = Debug|Any CPU
		{E67F2A95-3947-4FF9-A6F2-9067F3F6FCB9}.Debug|Any CPU.Build.0 = Debug|Any CPU
		{E67F2A95-3947-4FF9-A6F2-9067F3F6FCB9}.Release|Any CPU.ActiveCfg = Release|Any CPU
		{E67F2A95-3947-4FF9-A6F2-9067F3F6FCB9}.Release|Any CPU.Build.0 = Release|Any CPU
	EndGlobalSection
	GlobalSection(SolutionProperties) = preSolution
		HideSolutionNode = FALSE
	EndGlobalSection
	GlobalSection(ExtensibilityGlobals) = postSolution
		SolutionGuid = {1448AED9-ED79-421E-BE03-5E5D4579B189}
	EndGlobalSection
EndGlobal
